
Microsoft Visual Studio Solution File, Format Version 12.00
# Visual Studio Version 17
VisualStudioVersion = 17.5.33424.131
MinimumVisualStudioVersion = 10.0.40219.1
Project("{FAE04EC0-301F-11D3-BF4B-00C04F79EFBC}") = "WebAppRecepti", "WebAppRecepti\WebAppRecepti.csproj", "{840D3490-3593-4EEC-BA53-371D08704C95}"
EndProject
Global
	GlobalSection(SolutionConfigurationPlatforms) = preSolution
		Debug|Any CPU = Debug|Any CPU
		Release|Any CPU = Release|Any CPU
	EndGlobalSection
	GlobalSection(ProjectConfigurationPlatforms) = postSolution
		{840D3490-3593-4EEC-BA53-371D08704C95}.Debug|Any CPU.ActiveCfg = Debug|Any CPU
		{840D3490-3593-4EEC-BA53-371D08704C95}.Debug|Any CPU.Build.0 = Debug|Any CPU
		{840D3490-3593-4EEC-BA53-371D08704C95}.Release|Any CPU.ActiveCfg = Release|Any CPU
		{840D3490-3593-4EEC-BA53-371D08704C95}.Release|Any CPU.Build.0 = Release|Any CPU
	EndGlobalSection
	GlobalSection(SolutionProperties) = preSolution
		HideSolutionNode = FALSE
	EndGlobalSection
	GlobalSection(ExtensibilityGlobals) = postSolution
		SolutionGuid = {73F12ADB-6D20-4E10-B97E-401617051917}
	EndGlobalSection
EndGlobal
